<?xml version="1.0" encoding="utf-8"?>
<Project ToolsVersion="4.0" xmlns="http://schemas.microsoft.com/developer/msbuild/2003">
  <ItemGroup>
    <Filter Include="Source Files">
      <UniqueIdentifier>{4FC737F1-C7A5-4376-A066-2A32D752A2FF}</UniqueIdentifier>
      <Extensions>cpp;c;cc;cxx;def;odl;idl;hpj;bat;asm;asmx</Extensions>
    </Filter>
    <Filter Include="Header Files">
      <UniqueIdentifier>{93995380-89BD-4b04-88EB-625FBE52EBFB}</UniqueIdentifier>
      <Extensions>h;hh;hpp;hxx;hm;inl;inc;xsd</Extensions>
    </Filter>
    <Filter Include="Resource Files">
      <UniqueIdentifier>{67DA6AB6-F800-4c08-8B7A-83BB121AAD01}</UniqueIdentifier>
      <Extensions>rc;ico;cur;bmp;dlg;rc2;rct;bin;rgs;gif;jpg;jpeg;jpe;resx;tiff;tif;png;wav</Extensions>
    </Filter>
  </ItemGroup>
  <ItemGroup>
    <ClCompile Include="project3\CGApplication.cpp">
      <Filter>Source Files</Filter>
    </ClCompile>
    <ClCompile Include="project3\CGCone.cpp">
      <Filter>Source Files</Filter>
    </ClCompile>
    <ClCompile Include="project3\CGCube.cpp">
      <Filter>Source Files</Filter>
    </ClCompile>
    <ClCompile Include="project3\CGCylinder.cpp">
      <Filter>Source Files</Filter>
    </ClCompile>
    <ClCompile Include="project3\CGDisk.cpp">
      <Filter>Source Files</Filter>
    </ClCompile>
    <ClCompile Include="project3\CGFigure.cpp">
      <Filter>Source Files</Filter>
    </ClCompile>
    <ClCompile Include="project3\CGIcosahedron.cpp">
      <Filter>Source Files</Filter>
    </ClCompile>
    <ClCompile Include="project3\CGModel.cpp">
      <Filter>Source Files</Filter>
    </ClCompile>
    <ClCompile Include="project3\CGPiramid.cpp">
      <Filter>Source Files</Filter>
    </ClCompile>
    <ClCompile Include="project3\CGShaderProgram.cpp">
      <Filter>Source Files</Filter>
    </ClCompile>
    <ClCompile Include="project3\CGSphere.cpp">
      <Filter>Source Files</Filter>
    </ClCompile>
    <ClCompile Include="project3\CGTorus.cpp">
      <Filter>Source Files</Filter>
    </ClCompile>
    <ClCompile Include="project3\main.cpp">
      <Filter>Source Files</Filter>
    </ClCompile>
  </ItemGroup>
  <ItemGroup>
    <ClInclude Include="project3\CGApplication.h">
      <Filter>Header Files</Filter>
    </ClInclude>
    <ClInclude Include="project3\CGCone.h">
      <Filter>Header Files</Filter>
    </ClInclude>
    <ClInclude Include="project3\CGCube.h">
      <Filter>Header Files</Filter>
    </ClInclude>
    <ClInclude Include="project3\CGCylinder.h">
      <Filter>Header Files</Filter>
    </ClInclude>
    <ClInclude Include="project3\CGDisk.h">
      <Filter>Header Files</Filter>
    </ClInclude>
    <ClInclude Include="project3\CGFigure.h">
      <Filter>Header Files</Filter>
    </ClInclude>
    <ClInclude Include="project3\CGIcosahedron.h">
      <Filter>Header Files</Filter>
    </ClInclude>
    <ClInclude Include="project3\CGModel.h">
      <Filter>Header Files</Filter>
    </ClInclude>
    <ClInclude Include="project3\CGPiramid.h">
      <Filter>Header Files</Filter>
    </ClInclude>
    <ClInclude Include="project3\CGShaderProgram.h">
      <Filter>Header Files</Filter>
    </ClInclude>
    <ClInclude Include="project3\CGSphere.h">
      <Filter>Header Files</Filter>
    </ClInclude>
    <ClInclude Include="project3\CGTorus.h">
      <Filter>Header Files</Filter>
    </ClInclude>
    <ClInclude Include="project3\resource.h">
      <Filter>Header Files</Filter>
    </ClInclude>
  </ItemGroup>
  <ItemGroup>
    <ResourceCompile Include="project3\Project3.rc">
      <Filter>Resource Files</Filter>
    </ResourceCompile>
  </ItemGroup>
  <ItemGroup>
    <None Include="project3\FragmentShader.htm" />
    <None Include="project3\html1.htm" />
    <None Include="project3\html2.htm" />
    <None Include="project3\VertexShader.htm" />
  </ItemGroup>
</Project>